// !$*UTF8*$!
{
	archiveVersion = 1;
	classes = {
	};
	objectVersion = 50;
	objects = {

/* Begin PBXBuildFile section */
		6E6E67062564FA5E001FECA6 /* AppDelegate.swift in Sources */ = {isa = PBXBuildFile; fileRef = 6E6E67052564FA5E001FECA6 /* AppDelegate.swift */; };
		6E6E67082564FA5E001FECA6 /* SceneDelegate.swift in Sources */ = {isa = PBXBuildFile; fileRef = 6E6E67072564FA5E001FECA6 /* SceneDelegate.swift */; };
		6E6E670A2564FA5E001FECA6 /* ContentView.swift in Sources */ = {isa = PBXBuildFile; fileRef = 6E6E67092564FA5E001FECA6 /* ContentView.swift */; };
		6E6E670C2564FA60001FECA6 /* Assets.xcassets in Resources */ = {isa = PBXBuildFile; fileRef = 6E6E670B2564FA60001FECA6 /* Assets.xcassets */; };
		6E6E670F2564FA60001FECA6 /* Preview Assets.xcassets in Resources */ = {isa = PBXBuildFile; fileRef = 6E6E670E2564FA60001FECA6 /* Preview Assets.xcassets */; };
		6E6E67122564FA60001FECA6 /* LaunchScreen.storyboard in Resources */ = {isa = PBXBuildFile; fileRef = 6E6E67102564FA60001FECA6 /* LaunchScreen.storyboard */; };
		6E6E673A2564FAFB001FECA6 /* Constants.swift in Sources */ = {isa = PBXBuildFile; fileRef = 6E6E67392564FAFB001FECA6 /* Constants.swift */; };
		6E6E67492564FC61001FECA6 /* Pacifico-Regular.ttf in Resources */ = {isa = PBXBuildFile; fileRef = 6E6E67452564FB4D001FECA6 /* Pacifico-Regular.ttf */; };
/* End PBXBuildFile section */

/* Begin PBXFileReference section */
		6E6E67022564FA5E001FECA6 /* About Me.app */ = {isa = PBXFileReference; explicitFileType = wrapper.application; includeInIndex = 0; path = "About Me.app"; sourceTree = BUILT_PRODUCTS_DIR; };
		6E6E67052564FA5E001FECA6 /* AppDelegate.swift */ = {isa = PBXFileReference; lastKnownFileType = sourcecode.swift; path = AppDelegate.swift; sourceTree = "<group>"; };
		6E6E67072564FA5E001FECA6 /* SceneDelegate.swift */ = {isa = PBXFileReference; lastKnownFileType = sourcecode.swift; path = SceneDelegate.swift; sourceTree = "<group>"; };
		6E6E67092564FA5E001FECA6 /* ContentView.swift */ = {isa = PBXFileReference; lastKnownFileType = sourcecode.swift; path = ContentView.swift; sourceTree = "<group>"; };
		6E6E670B2564FA60001FECA6 /* Assets.xcassets */ = {isa = PBXFileReference; lastKnownFileType = folder.assetcatalog; path = Assets.xcassets; sourceTree = "<group>"; };
		6E6E670E2564FA60001FECA6 /* Preview Assets.xcassets */ = {isa = PBXFileReference; lastKnownFileType = folder.assetcatalog; path = "Preview Assets.xcassets"; sourceTree = "<group>"; };
		6E6E67112564FA60001FECA6 /* Base */ = {isa = PBXFileReference; lastKnownFileType = file.storyboard; name = Base; path = Base.lproj/LaunchScreen.storyboard; sourceTree = "<group>"; };
		6E6E67132564FA60001FECA6 /* Info.plist */ = {isa = PBXFileReference; lastKnownFileType = text.plist.xml; path = Info.plist; sourceTree = "<group>"; };
		6E6E67392564FAFB001FECA6 /* Constants.swift */ = {isa = PBXFileReference; lastKnownFileType = sourcecode.swift; path = Constants.swift; sourceTree = "<group>"; };
		6E6E67452564FB4D001FECA6 /* Pacifico-Regular.ttf */ = {isa = PBXFileReference; lastKnownFileType = file; name = "Pacifico-Regular.ttf"; path = "About Me/Font/Pacifico-Regular.ttf"; sourceTree = SOURCE_ROOT; };
/* End PBXFileReference section */

/* Begin PBXFrameworksBuildPhase section */
		6E6E66FF2564FA5E001FECA6 /* Frameworks */ = {
			isa = PBXFrameworksBuildPhase;
			buildActionMask = 2147483647;
			files = (
			);
			runOnlyForDeploymentPostprocessing = 0;
		};
/* End PBXFrameworksBuildPhase section */

/* Begin PBXGroup section */
		6E6E66F92564FA5E001FECA6 = {
			isa = PBXGroup;
			children = (
				6E6E67042564FA5E001FECA6 /* About Me */,
				6E6E67032564FA5E001FECA6 /* Products */,
			);
			sourceTree = "<group>";
		};
		6E6E67032564FA5E001FECA6 /* Products */ = {
			isa = PBXGroup;
			children = (
				6E6E67022564FA5E001FECA6 /* About Me.app */,
			);
			name = Products;
			sourceTree = "<group>";
		};
		6E6E67042564FA5E001FECA6 /* About Me */ = {
			isa = PBXGroup;
			children = (
				6E6E67442564FB26001FECA6 /* Font */,
				6E6E67382564FAEE001FECA6 /* Model */,
				6E6E67052564FA5E001FECA6 /* AppDelegate.swift */,
				6E6E67072564FA5E001FECA6 /* SceneDelegate.swift */,
				6E6E67092564FA5E001FECA6 /* ContentView.swift */,
				6E6E670B2564FA60001FECA6 /* Assets.xcassets */,
				6E6E67102564FA60001FECA6 /* LaunchScreen.storyboard */,
				6E6E67132564FA60001FECA6 /* Info.plist */,
				6E6E670D2564FA60001FECA6 /* Preview Content */,
			);
			path = "About Me";
			sourceTree = "<group>";
		};
		6E6E670D2564FA60001FECA6 /* Preview Content */ = {
			isa = PBXGroup;
			children = (
				6E6E670E2564FA60001FECA6 /* Preview Assets.xcassets */,
			);
			path = "Preview Content";
			sourceTree = "<group>";
		};
		6E6E67382564FAEE001FECA6 /* Model */ = {
			isa = PBXGroup;
			children = (
				6E6E67392564FAFB001FECA6 /* Constants.swift */,
			);
			path = Model;
			sourceTree = "<group>";
		};
		6E6E67442564FB26001FECA6 /* Font */ = {
			isa = PBXGroup;
			children = (
				6E6E67452564FB4D001FECA6 /* Pacifico-Regular.ttf */,
			);
			path = Font;
			sourceTree = "<group>";
		};
/* End PBXGroup section */

/* Begin PBXNativeTarget section */
		6E6E67012564FA5E001FECA6 /* About Me */ = {
			isa = PBXNativeTarget;
			buildConfigurationList = 6E6E672C2564FA61001FECA6 /* Build configuration list for PBXNativeTarget "About Me" */;
			buildPhases = (
				6E6E66FE2564FA5E001FECA6 /* Sources */,
				6E6E66FF2564FA5E001FECA6 /* Frameworks */,
				6E6E67002564FA5E001FECA6 /* Resources */,
			);
			buildRules = (
			);
			dependencies = (
			);
			name = "About Me";
			productName = "About Me";
			productReference = 6E6E67022564FA5E001FECA6 /* About Me.app */;
			productType = "com.apple.product-type.application";
		};
/* End PBXNativeTarget section */

/* Begin PBXProject section */
		6E6E66FA2564FA5E001FECA6 /* Project object */ = {
			isa = PBXProject;
			attributes = {
				LastSwiftUpdateCheck = 1230;
				LastUpgradeCheck = 1230;
				TargetAttributes = {
					6E6E67012564FA5E001FECA6 = {
						CreatedOnToolsVersion = 12.3;
					};
				};
			};
			buildConfigurationList = 6E6E66FD2564FA5E001FECA6 /* Build configuration list for PBXProject "About Me" */;
			compatibilityVersion = "Xcode 9.3";
			developmentRegion = en;
			hasScannedForEncodings = 0;
			knownRegions = (
				en,
				Base,
			);
			mainGroup = 6E6E66F92564FA5E001FECA6;
			productRefGroup = 6E6E67032564FA5E001FECA6 /* Products */;
			projectDirPath = "";
			projectRoot = "";
			targets = (
				6E6E67012564FA5E001FECA6 /* About Me */,
			);
		};
/* End PBXProject section */

/* Begin PBXResourcesBuildPhase section */
		6E6E67002564FA5E001FECA6 /* Resources */ = {
			isa = PBXResourcesBuildPhase;
			buildActionMask = 2147483647;
			files = (
				6E6E67122564FA60001FECA6 /* LaunchScreen.storyboard in Resources */,
				6E6E67492564FC61001FECA6 /* Pacifico-Regular.ttf in Resources */,
				6E6E670F2564FA60001FECA6 /* Preview Assets.xcassets in Resources */,
				6E6E670C2564FA60001FECA6 /* Assets.xcassets in Resources */,
			);
			runOnlyForDeploymentPostprocessing = 0;
		};
/* End PBXResourcesBuildPhase section */

/* Begin PBXSourcesBuildPhase section */
		6E6E66FE2564FA5E001FECA6 /* Sources */ = {
			isa = PBXSourcesBuildPhase;
			buildActionMask = 2147483647;
			files = (
				6E6E67062564FA5E001FECA6 /* AppDelegate.swift in Sources */,
				6E6E673A2564FAFB001FECA6 /* Constants.swift in Sources */,
				6E6E67082564FA5E001FECA6 /* SceneDelegate.swift in Sources */,
				6E6E670A2564FA5E001FECA6 /* ContentView.swift in Sources */,
			);
			runOnlyForDeploymentPostprocessing = 0;
		};
/* End PBXSourcesBuildPhase section */

/* Begin PBXVariantGroup section */
		6E6E67102564FA60001FECA6 /* LaunchScreen.storyboard */ = {
			isa = PBXVariantGroup;
			children = (
				6E6E67112564FA60001FECA6 /* Base */,
			);
			name = LaunchScreen.storyboard;
			sourceTree = "<group>";
		};
/* End PBXVariantGroup section */

/* Begin XCBuildConfiguration section */
		6E6E672A2564FA61001FECA6 /* Debug */ = {
			isa = XCBuildConfiguration;
			buildSettings = {
				ALWAYS_SEARCH_USER_PATHS = NO;
				CLANG_ANALYZER_NONNULL = YES;
				CLANG_ANALYZER_NUMBER_OBJECT_CONVERSION = YES_AGGRESSIVE;
				CLANG_CXX_LANGUAGE_STANDARD = "gnu++14";
				CLANG_CXX_LIBRARY = "libc++";
				CLANG_ENABLE_MODULES = YES;
				CLANG_ENABLE_OBJC_ARC = YES;
				CLANG_ENABLE_OBJC_WEAK = YES;
				CLANG_WARN_BLOCK_CAPTURE_AUTORELEASING = YES;
				CLANG_WARN_BOOL_CONVERSION = YES;
				CLANG_WARN_COMMA = YES;
				CLANG_WARN_CONSTANT_CONVERSION = YES;
				CLANG_WARN_DEPRECATED_OBJC_IMPLEMENTATIONS = YES;
				CLANG_WARN_DIRECT_OBJC_ISA_USAGE = YES_ERROR;
				CLANG_WARN_DOCUMENTATION_COMMENTS = YES;
				CLANG_WARN_EMPTY_BODY = YES;
				CLANG_WARN_ENUM_CONVERSION = YES;
				CLANG_WARN_INFINITE_RECURSION = YES;
				CLANG_WARN_INT_CONVERSION = YES;
				CLANG_WARN_NON_LITERAL_NULL_CONVERSION = YES;
				CLANG_WARN_OBJC_IMPLICIT_RETAIN_SELF = YES;
				CLANG_WARN_OBJC_LITERAL_CONVERSION = YES;
				CLANG_WARN_OBJC_ROOT_CLASS = YES_ERROR;
				CLANG_WARN_QUOTED_INCLUDE_IN_FRAMEWORK_HEADER = YES;
				CLANG_WARN_RANGE_LOOP_ANALYSIS = YES;
				CLANG_WARN_STRICT_PROTOTYPES = YES;
				CLANG_WARN_SUSPICIOUS_MOVE = YES;
				CLANG_WARN_UNGUARDED_AVAILABILITY = YES_AGGRESSIVE;
				CLANG_WARN_UNREACHABLE_CODE = YES;
				CLANG_WARN__DUPLICATE_METHOD_MATCH = YES;
				COPY_PHASE_STRIP = NO;
				DEBUG_INFORMATION_FORMAT = dwarf;
				ENABLE_STRICT_OBJC_MSGSEND = YES;
				ENABLE_TESTABILITY = YES;
				GCC_C_LANGUAGE_STANDARD = gnu11;
				GCC_DYNAMIC_NO_PIC = NO;
				GCC_NO_COMMON_BLOCKS = YES;
				GCC_OPTIMIZATION_LEVEL = 0;
				GCC_PREPROCESSOR_DEFINITIONS = (
					"DEBUG=1",
					"$(inherited)",
				);
				GCC_WARN_64_TO_32_BIT_CONVERSION = YES;
				GCC_WARN_ABOUT_RETURN_TYPE = YES_ERROR;
				GCC_WARN_UNDECLARED_SELECTOR = YES;
				GCC_WARN_UNINITIALIZED_AUTOS = YES_AGGRESSIVE;
				GCC_WARN_UNUSED_FUNCTION = YES;
				GCC_WARN_UNUSED_VARIABLE = YES;
				IPHONEOS_DEPLOYMENT_TARGET = 14.3;
				MTL_ENABLE_DEBUG_INFO = INCLUDE_SOURCE;
				MTL_FAST_MATH = YES;
				ONLY_ACTIVE_ARCH = YES;
				SDKROOT = iphoneos;
				SWIFT_ACTIVE_COMPILATION_CONDITIONS = DEBUG;
				SWIFT_OPTIMIZATION_LEVEL = "-Onone";
			};
			name = Debug;
		};
		6E6E672B2564FA61001FECA6 /* Release */ = {
			isa = XCBuildConfiguration;
			buildSettings = {
				ALWAYS_SEARCH_USER_PATHS = NO;
				CLANG_ANALYZER_NONNULL = YES;
				CLANG_ANALYZER_NUMBER_OBJECT_CONVERSION = YES_AGGRESSIVE;
				CLANG_CXX_LANGUAGE_STANDARD = "gnu++14";
				CLANG_CXX_LIBRARY = "libc++";
				CLANG_ENABLE_MODULES = YES;
				CLANG_ENABLE_OBJC_ARC = YES;
				CLANG_ENABLE_OBJC_WEAK = YES;
				CLANG_WARN_BLOCK_CAPTURE_AUTORELEASING = YES;
				CLANG_WARN_BOOL_CONVERSION = YES;
				CLANG_WARN_COMMA = YES;
				CLANG_WARN_CONSTANT_CONVERSION = YES;
				CLANG_WARN_DEPRECATED_OBJC_IMPLEMENTATIONS = YES;
				CLANG_WARN_DIRECT_OBJC_ISA_USAGE = YES_ERROR;
				CLANG_WARN_DOCUMENTATION_COMMENTS = YES;
				CLANG_WARN_EMPTY_BODY = YES;
				CLANG_WARN_ENUM_CONVERSION = YES;
				CLANG_WARN_INFINITE_RECURSION = YES;
				CLANG_WARN_INT_CONVERSION = YES;
				CLANG_WARN_NON_LITERAL_NULL_CONVERSION = YES;
				CLANG_WARN_OBJC_IMPLICIT_RETAIN_SELF = YES;
				CLANG_WARN_OBJC_LITERAL_CONVERSION = YES;
				CLANG_WARN_OBJC_ROOT_CLASS = YES_ERROR;
				CLANG_WARN_QUOTED_INCLUDE_IN_FRAMEWORK_HEADER = YES;
				CLANG_WARN_RANGE_LOOP_ANALYSIS = YES;
				CLANG_WARN_STRICT_PROTOTYPES = YES;
				CLANG_WARN_SUSPICIOUS_MOVE = YES;
				CLANG_WARN_UNGUARDED_AVAILABILITY = YES_AGGRESSIVE;
				CLANG_WARN_UNREACHABLE_CODE = YES;
				CLANG_WARN__DUPLICATE_METHOD_MATCH = YES;
				COPY_PHASE_STRIP = NO;
				DEBUG_INFORMATION_FORMAT = "dwarf-with-dsym";
				ENABLE_NS_ASSERTIONS = NO;
				ENABLE_STRICT_OBJC_MSGSEND = YES;
				GCC_C_LANGUAGE_STANDARD = gnu11;
				GCC_NO_COMMON_BLOCKS = YES;
				GCC_WARN_64_TO_32_BIT_CONVERSION = YES;
				GCC_WARN_ABOUT_RETURN_TYPE = YES_ERROR;
				GCC_WARN_UNDECLARED_SELECTOR = YES;
				GCC_WARN_UNINITIALIZED_AUTOS = YES_AGGRESSIVE;
				GCC_WARN_UNUSED_FUNCTION = YES;
				GCC_WARN_UNUSED_VARIABLE = YES;
				IPHONEOS_DEPLOYMENT_TARGET = 14.3;
				MTL_ENABLE_DEBUG_INFO = NO;
				MTL_FAST_MATH = YES;
				SDKROOT = iphoneos;
				SWIFT_COMPILATION_MODE = wholemodule;
				SWIFT_OPTIMIZATION_LEVEL = "-O";
				VALIDATE_PRODUCT = YES;
			};
			name = Release;
		};
		6E6E672D2564FA61001FECA6 /* Debug */ = {
			isa = XCBuildConfiguration;
			buildSettings = {
				ASSETCATALOG_COMPILER_APPICON_NAME = AppIcon;
				ASSETCATALOG_COMPILER_GLOBAL_ACCENT_COLOR_NAME = AccentColor;
				CODE_SIGN_STYLE = Automatic;
				DEVELOPMENT_ASSET_PATHS = "\"About Me/Preview Content\"";
				DEVELOPMENT_TEAM = 42G5G6A34H;
				ENABLE_PREVIEWS = YES;
				INFOPLIST_FILE = "About Me/Info.plist";
				LD_RUNPATH_SEARCH_PATHS = (
					"$(inherited)",
					"@executable_path/Frameworks",
				);
				PRODUCT_BUNDLE_IDENTIFIER = "com.opake.About-Me";
				PRODUCT_NAME = "$(TARGET_NAME)";
				SWIFT_VERSION = 5.0;
				TARGETED_DEVICE_FAMILY = "1,2";
			};
			name = Debug;
		};
		6E6E672E2564FA61001FECA6 /* Release */ = {
			isa = XCBuildConfiguration;
			buildSettings = {
				ASSETCATALOG_COMPILER_APPICON_NAME = AppIcon;
				ASSETCATALOG_COMPILER_GLOBAL_ACCENT_COLOR_NAME = AccentColor;
				CODE_SIGN_STYLE = Automatic;
				DEVELOPMENT_ASSET_PATHS = "\"About Me/Preview Content\"";
				DEVELOPMENT_TEAM = 42G5G6A34H;
				ENABLE_PREVIEWS = YES;
				INFOPLIST_FILE = "About Me/Info.plist";
				LD_RUNPATH_SEARCH_PATHS = (
					"$(inherited)",
					"@executable_path/Frameworks",
				);
				PRODUCT_BUNDLE_IDENTIFIER = "com.opake.About-Me";
				PRODUCT_NAME = "$(TARGET_NAME)";
				SWIFT_VERSION = 5.0;
				TARGETED_DEVICE_FAMILY = "1,2";
			};
			name = Release;
		};
/* End XCBuildConfiguration section */

/* Begin XCConfigurationList section */
		6E6E66FD2564FA5E001FECA6 /* Build configuration list for PBXProject "About Me" */ = {
			isa = XCConfigurationList;
			buildConfigurations = (
				6E6E672A2564FA61001FECA6 /* Debug */,
				6E6E672B2564FA61001FECA6 /* Release */,
			);
			defaultConfigurationIsVisible = 0;
			defaultConfigurationName = Release;
		};
		6E6E672C2564FA61001FECA6 /* Build configuration list for PBXNativeTarget "About Me" */ = {
			isa = XCConfigurationList;
			buildConfigurations = (
				6E6E672D2564FA61001FECA6 /* Debug */,
				6E6E672E2564FA61001FECA6 /* Release */,
			);
			defaultConfigurationIsVisible = 0;
			defaultConfigurationName = Release;
		};
/* End XCConfigurationList section */
	};
	rootObject = 6E6E66FA2564FA5E001FECA6 /* Project object */;
}
